
Microsoft Visual Studio Solution File, Format Version 12.00
# Visual Studio Version 16
VisualStudioVersion = 16.0.30406.217
MinimumVisualStudioVersion = 10.0.40219.1
Project("{9A19103F-16F7-4668-BE54-9A1E7A4F7556}") = "NRTA.Spider", "NRTA.Spider\NRTA.Spider.csproj", "{50309D28-8807-483B-8488-49DAAFB40C66}"
EndProject
Project("{9A19103F-16F7-4668-BE54-9A1E7A4F7556}") = "NRTA.Core", "NRTA.Core\NRTA.Core.csproj", "{1B88B152-40F3-4949-98BE-73FB3F7B2428}"
EndProject
Project("{FAE04EC0-301F-11D3-BF4B-00C04F79EFBC}") = "NTRA.App", "NTRA.App\NTRA.App.csproj", "{91BEC313-DB7E-478C-8426-24A94B7B11C2}"
EndProject
Global
	GlobalSection(SolutionConfigurationPlatforms) = preSolution
		Debug|Any CPU = Debug|Any CPU
		Release|Any CPU = Release|Any CPU
	EndGlobalSection
	GlobalSection(ProjectConfigurationPlatforms) = postSolution
		{50309D28-8807-483B-8488-49DAAFB40C66}.Debug|Any CPU.ActiveCfg = Debug|Any CPU
		{50309D28-8807-483B-8488-49DAAFB40C66}.Debug|Any CPU.Build.0 = Debug|Any CPU
		{50309D28-8807-483B-8488-49DAAFB40C66}.Release|Any CPU.ActiveCfg = Release|Any CPU
		{50309D28-8807-483B-8488-49DAAFB40C66}.Release|Any CPU.Build.0 = Release|Any CPU
		{1B88B152-40F3-4949-98BE-73FB3F7B2428}.Debug|Any CPU.ActiveCfg = Debug|Any CPU
		{1B88B152-40F3-4949-98BE-73FB3F7B2428}.Debug|Any CPU.Build.0 = Debug|Any CPU
		{1B88B152-40F3-4949-98BE-73FB3F7B2428}.Release|Any CPU.ActiveCfg = Release|Any CPU
		{1B88B152-40F3-4949-98BE-73FB3F7B2428}.Release|Any CPU.Build.0 = Release|Any CPU
		{91BEC313-DB7E-478C-8426-24A94B7B11C2}.Debug|Any CPU.ActiveCfg = Debug|Any CPU
		{91BEC313-DB7E-478C-8426-24A94B7B11C2}.Debug|Any CPU.Build.0 = Debug|Any CPU
		{91BEC313-DB7E-478C-8426-24A94B7B11C2}.Release|Any CPU.ActiveCfg = Release|Any CPU
		{91BEC313-DB7E-478C-8426-24A94B7B11C2}.Release|Any CPU.Build.0 = Release|Any CPU
	EndGlobalSection
	GlobalSection(SolutionProperties) = preSolution
		HideSolutionNode = FALSE
	EndGlobalSection
	GlobalSection(ExtensibilityGlobals) = postSolution
		SolutionGuid = {DBCEE73A-EB2D-461C-AC08-23B09F601303}
	EndGlobalSection
EndGlobal
